
Microsoft Visual Studio Solution File, Format Version 12.00
# Visual Studio Version 17
VisualStudioVersion = 17.5.2.0
MinimumVisualStudioVersion = 10.0.40219.1
Project("{FAE04EC0-301F-11D3-BF4B-00C04F79EFBC}") = "ERP-CLI", "ERP-CLI.csproj", "{AEBAF1BF-9BA2-07D5-3968-6F982FAC03EC}"
EndProject
Project("{FAE04EC0-301F-11D3-BF4B-00C04F79EFBC}") = "ERP-CLI.Tests", "ERP-CLI.Tests\ERP-CLI.Tests.csproj", "{73B92DF2-BC05-460D-9221-BB323925C260}"
EndProject
Global
	GlobalSection(SolutionConfigurationPlatforms) = preSolution
		Debug|Any CPU = Debug|Any CPU
		Debug|x64 = Debug|x64
		Debug|x86 = Debug|x86
		Release|Any CPU = Release|Any CPU
		Release|x64 = Release|x64
		Release|x86 = Release|x86
	EndGlobalSection
	GlobalSection(ProjectConfigurationPlatforms) = postSolution
		{AEBAF1BF-9BA2-07D5-3968-6F982FAC03EC}.Debug|Any CPU.ActiveCfg = Debug|Any CPU
		{AEBAF1BF-9BA2-07D5-3968-6F982FAC03EC}.Debug|Any CPU.Build.0 = Debug|Any CPU
		{AEBAF1BF-9BA2-07D5-3968-6F982FAC03EC}.Debug|x64.ActiveCfg = Debug|Any CPU
		{AEBAF1BF-9BA2-07D5-3968-6F982FAC03EC}.Debug|x64.Build.0 = Debug|Any CPU
		{AEBAF1BF-9BA2-07D5-3968-6F982FAC03EC}.Debug|x86.ActiveCfg = Debug|Any CPU
		{AEBAF1BF-9BA2-07D5-3968-6F982FAC03EC}.Debug|x86.Build.0 = Debug|Any CPU
		{AEBAF1BF-9BA2-07D5-3968-6F982FAC03EC}.Release|Any CPU.ActiveCfg = Release|Any CPU
		{AEBAF1BF-9BA2-07D5-3968-6F982FAC03EC}.Release|Any CPU.Build.0 = Release|Any CPU
		{AEBAF1BF-9BA2-07D5-3968-6F982FAC03EC}.Release|x64.ActiveCfg = Release|Any CPU
		{AEBAF1BF-9BA2-07D5-3968-6F982FAC03EC}.Release|x64.Build.0 = Release|Any CPU
		{AEBAF1BF-9BA2-07D5-3968-6F982FAC03EC}.Release|x86.ActiveCfg = Release|Any CPU
		{AEBAF1BF-9BA2-07D5-3968-6F982FAC03EC}.Release|x86.Build.0 = Release|Any CPU
		{73B92DF2-BC05-460D-9221-BB323925C260}.Debug|Any CPU.ActiveCfg = Debug|Any CPU
		{73B92DF2-BC05-460D-9221-BB323925C260}.Debug|Any CPU.Build.0 = Debug|Any CPU
		{73B92DF2-BC05-460D-9221-BB323925C260}.Debug|x64.ActiveCfg = Debug|Any CPU
		{73B92DF2-BC05-460D-9221-BB323925C260}.Debug|x64.Build.0 = Debug|Any CPU
		{73B92DF2-BC05-460D-9221-BB323925C260}.Debug|x86.ActiveCfg = Debug|Any CPU
		{73B92DF2-BC05-460D-9221-BB323925C260}.Debug|x86.Build.0 = Debug|Any CPU
		{73B92DF2-BC05-460D-9221-BB323925C260}.Release|Any CPU.ActiveCfg = Release|Any CPU
		{73B92DF2-BC05-460D-9221-BB323925C260}.Release|Any CPU.Build.0 = Release|Any CPU
		{73B92DF2-BC05-460D-9221-BB323925C260}.Release|x64.ActiveCfg = Release|Any CPU
		{73B92DF2-BC05-460D-9221-BB323925C260}.Release|x64.Build.0 = Release|Any CPU
		{73B92DF2-BC05-460D-9221-BB323925C260}.Release|x86.ActiveCfg = Release|Any CPU
		{73B92DF2-BC05-460D-9221-BB323925C260}.Release|x86.Build.0 = Release|Any CPU
	EndGlobalSection
	GlobalSection(SolutionProperties) = preSolution
		HideSolutionNode = FALSE
	EndGlobalSection
	GlobalSection(ExtensibilityGlobals) = postSolution
		SolutionGuid = {1C1BC8D3-5DCC-4E87-BC6B-DE6F68BAB7ED}
	EndGlobalSection
EndGlobal
